
Microsoft Visual Studio Solution File, Format Version 12.00
# Visual Studio Version 17
VisualStudioVersion = 17.13.35931.197
MinimumVisualStudioVersion = 10.0.40219.1
Project("{FAE04EC0-301F-11D3-BF4B-00C04F79EFBC}") = "JetLogistics.Identity.API", "JetLogistics.Identity.API\JetLogistics.Identity.API.csproj", "{318939B0-6E65-4AD2-BB45-E4952DB59A72}"
EndProject
Project("{2150E333-8FDC-42A3-9474-1A3956D46DE8}") = "Solution Items", "Solution Items", "{8EC462FD-D22E-90A8-E5CE-7E832BA40C5D}"
	ProjectSection(SolutionItems) = preProject
		Directory.Packages.props = Directory.Packages.props
	EndProjectSection
EndProject
Project("{FAE04EC0-301F-11D3-BF4B-00C04F79EFBC}") = "JetLogistics.Gateway", "JetLogistics.Gateway\JetLogistics.Gateway.csproj", "{F9FEB053-D43B-4FDB-9A9C-495009C44809}"
EndProject
Project("{FAE04EC0-301F-11D3-BF4B-00C04F79EFBC}") = "JetLogistics.Consignee.API", "JetLogistics.Consignee.API\JetLogistics.Consignee.API.csproj", "{A0C191AE-FC6B-410B-9470-38685E6F1FE5}"
EndProject
Project("{FAE04EC0-301F-11D3-BF4B-00C04F79EFBC}") = "JetLogistics.Booking.API", "JetLogistics.Booking.API\JetLogistics.Booking.API.csproj", "{71BFA0F7-6704-4579-B994-A04B2FD5883F}"
EndProject
Project("{FAE04EC0-301F-11D3-BF4B-00C04F79EFBC}") = "JetLogistics.Common", "JetLogistics.Common\JetLogistics.Common.csproj", "{E9B37F4B-6CEB-4AF0-BFAD-F7A55ECE6AE1}"
EndProject
Global
	GlobalSection(SolutionConfigurationPlatforms) = preSolution
		Debug|Any CPU = Debug|Any CPU
		Release|Any CPU = Release|Any CPU
	EndGlobalSection
	GlobalSection(ProjectConfigurationPlatforms) = postSolution
		{318939B0-6E65-4AD2-BB45-E4952DB59A72}.Debug|Any CPU.ActiveCfg = Debug|Any CPU
		{318939B0-6E65-4AD2-BB45-E4952DB59A72}.Debug|Any CPU.Build.0 = Debug|Any CPU
		{318939B0-6E65-4AD2-BB45-E4952DB59A72}.Release|Any CPU.ActiveCfg = Release|Any CPU
		{318939B0-6E65-4AD2-BB45-E4952DB59A72}.Release|Any CPU.Build.0 = Release|Any CPU
		{F9FEB053-D43B-4FDB-9A9C-495009C44809}.Debug|Any CPU.ActiveCfg = Debug|Any CPU
		{F9FEB053-D43B-4FDB-9A9C-495009C44809}.Debug|Any CPU.Build.0 = Debug|Any CPU
		{F9FEB053-D43B-4FDB-9A9C-495009C44809}.Release|Any CPU.ActiveCfg = Release|Any CPU
		{F9FEB053-D43B-4FDB-9A9C-495009C44809}.Release|Any CPU.Build.0 = Release|Any CPU
		{A0C191AE-FC6B-410B-9470-38685E6F1FE5}.Debug|Any CPU.ActiveCfg = Debug|Any CPU
		{A0C191AE-FC6B-410B-9470-38685E6F1FE5}.Debug|Any CPU.Build.0 = Debug|Any CPU
		{A0C191AE-FC6B-410B-9470-38685E6F1FE5}.Release|Any CPU.ActiveCfg = Release|Any CPU
		{A0C191AE-FC6B-410B-9470-38685E6F1FE5}.Release|Any CPU.Build.0 = Release|Any CPU
		{71BFA0F7-6704-4579-B994-A04B2FD5883F}.Debug|Any CPU.ActiveCfg = Debug|Any CPU
		{71BFA0F7-6704-4579-B994-A04B2FD5883F}.Debug|Any CPU.Build.0 = Debug|Any CPU
		{71BFA0F7-6704-4579-B994-A04B2FD5883F}.Release|Any CPU.ActiveCfg = Release|Any CPU
		{71BFA0F7-6704-4579-B994-A04B2FD5883F}.Release|Any CPU.Build.0 = Release|Any CPU
		{E9B37F4B-6CEB-4AF0-BFAD-F7A55ECE6AE1}.Debug|Any CPU.ActiveCfg = Debug|Any CPU
		{E9B37F4B-6CEB-4AF0-BFAD-F7A55ECE6AE1}.Debug|Any CPU.Build.0 = Debug|Any CPU
		{E9B37F4B-6CEB-4AF0-BFAD-F7A55ECE6AE1}.Release|Any CPU.ActiveCfg = Release|Any CPU
		{E9B37F4B-6CEB-4AF0-BFAD-F7A55ECE6AE1}.Release|Any CPU.Build.0 = Release|Any CPU
	EndGlobalSection
	GlobalSection(SolutionProperties) = preSolution
		HideSolutionNode = FALSE
	EndGlobalSection
	GlobalSection(ExtensibilityGlobals) = postSolution
		SolutionGuid = {BA821599-24C2-412A-8A41-3CCDE2AAF492}
	EndGlobalSection
EndGlobal
